<?xml version="1.0" encoding="utf-8"?>
<Project ToolsVersion="4.0" xmlns="http://schemas.microsoft.com/developer/msbuild/2003">
  <ItemGroup>
    <Filter Include="Source Files">
      <UniqueIdentifier>{4FC737F1-C7A5-4376-A066-2A32D752A2FF}</UniqueIdentifier>
      <Extensions>cpp;c;cc;cxx;def;odl;idl;hpj;bat;asm;asmx</Extensions>
    </Filter>
    <Filter Include="Header Files">
      <UniqueIdentifier>{93995380-89BD-4b04-88EB-625FBE52EBFB}</UniqueIdentifier>
      <Extensions>h;hpp;hxx;hm;inl;inc;xsd</Extensions>
    </Filter>
    <Filter Include="Resource Files">
      <UniqueIdentifier>{67DA6AB6-F800-4c08-8B7A-83BB121AAD01}</UniqueIdentifier>
      <Extensions>rc;ico;cur;bmp;dlg;rc2;rct;bin;rgs;gif;jpg;jpeg;jpe;resx;tiff;tif;png;wav;mfcribbon-ms</Extensions>
    </Filter>
  </ItemGroup>
  <ItemGroup>
    <Text Include="ReadMe.txt" />
  </ItemGroup>
  <ItemGroup>
    <ClInclude Include="stdafx.h">
      <Filter>Header Files</Filter>
    </ClInclude>
    <ClInclude Include="targetver.h">
      <Filter>Header Files</Filter>
    </ClInclude>
    <ClInclude Include="ComponentExtractor.h">
      <Filter>Header Files</Filter>
    </ClInclude>
    <ClInclude Include="ConnectedComponent.h">
      <Filter>Header Files</Filter>
    </ClInclude>
    <ClInclude Include="Contour.h">
      <Filter>Header Files</Filter>
    </ClInclude>
    <ClInclude Include="DImage.h">
      <Filter>Header Files</Filter>
    </ClInclude>
    <ClInclude Include="ImageBinarizer.h">
      <Filter>Header Files</Filter>
    </ClInclude>
    <ClInclude Include="ImageConverter.h">
      <Filter>Header Files</Filter>
    </ClInclude>
    <ClInclude Include="ImageEnhancer.h">
      <Filter>Header Files</Filter>
    </ClInclude>
    <ClInclude Include="ImageOperator.h">
      <Filter>Header Files</Filter>
    </ClInclude>
    <ClInclude Include="ImageProjector.h">
      <Filter>Header Files</Filter>
    </ClInclude>
    <ClInclude Include="ImageTools.h">
      <Filter>Header Files</Filter>
    </ClInclude>
    <ClInclude Include="Metric.h">
      <Filter>Header Files</Filter>
    </ClInclude>
    <ClInclude Include="MetricDTW.h">
      <Filter>Header Files</Filter>
    </ClInclude>
    <ClInclude Include="ProjectionProfile.h">
      <Filter>Header Files</Filter>
    </ClInclude>
    <ClInclude Include="TextLineExtractor.h">
      <Filter>Header Files</Filter>
    </ClInclude>
    <ClInclude Include="Tools.h">
      <Filter>Header Files</Filter>
    </ClInclude>
    <ClInclude Include="Histogram.h">
      <Filter>Header Files</Filter>
    </ClInclude>
    <ClInclude Include="Feature.h">
      <Filter>Header Files</Filter>
    </ClInclude>
    <ClInclude Include="FeatureExtractor.h">
      <Filter>Header Files</Filter>
    </ClInclude>
    <ClInclude Include="anigauss.h">
      <Filter>Header Files</Filter>
    </ClInclude>
    <ClInclude Include="RafiTextLineExtractor.h">
      <Filter>Header Files</Filter>
    </ClInclude>
    <ClInclude Include="ImageFilter.h">
      <Filter>Header Files</Filter>
    </ClInclude>
    <ClInclude Include="ItayBinarizer.h">
      <Filter>Header Files</Filter>
    </ClInclude>
    <ClInclude Include="Classifier.h">
      <Filter>Header Files</Filter>
    </ClInclude>
    <ClInclude Include="ApplicationList.h">
      <Filter>Header Files</Filter>
    </ClInclude>
    <ClInclude Include="BinaryComponentTree.h">
      <Filter>Header Files</Filter>
    </ClInclude>
    <ClInclude Include="BinaryComponentNode.h">
      <Filter>Header Files</Filter>
    </ClInclude>
    <ClInclude Include="BinarizerNiblack.h">
      <Filter>Header Files</Filter>
    </ClInclude>
    <ClInclude Include="PageAnalyser.h">
      <Filter>Header Files</Filter>
    </ClInclude>
    <ClInclude Include="AmitBinarization.h">
      <Filter>Header Files</Filter>
    </ClInclude>
    <ClInclude Include="FilterAnisotropic.h">
      <Filter>Header Files</Filter>
    </ClInclude>
    <ClInclude Include="ComponentExtractorBinary.h">
      <Filter>Header Files</Filter>
    </ClInclude>
    <ClInclude Include="ClassifierEM.h">
      <Filter>Header Files</Filter>
    </ClInclude>
    <ClInclude Include="ExtractorGaborBlob.h">
      <Filter>Header Files</Filter>
    </ClInclude>
    <ClInclude Include="FeatureGaborBlob.h">
      <Filter>Header Files</Filter>
    </ClInclude>
    <ClInclude Include="BinarizerGlobal.h">
      <Filter>Header Files</Filter>
    </ClInclude>
    <ClInclude Include="ExtractorGSC.h">
      <Filter>Header Files</Filter>
    </ClInclude>
    <ClInclude Include="FeatureGSC.h">
      <Filter>Header Files</Filter>
    </ClInclude>
    <ClInclude Include="FeatureInt.h">
      <Filter>Header Files</Filter>
    </ClInclude>
    <ClInclude Include="BinarizerOtsu.h">
      <Filter>Header Files</Filter>
    </ClInclude>
    <ClInclude Include="BinarizerOtsuGray.h">
      <Filter>Header Files</Filter>
    </ClInclude>
    <ClInclude Include="ImagePage.h">
      <Filter>Header Files</Filter>
    </ClInclude>
    <ClInclude Include="TextLineExtractorProfileSeam.h">
      <Filter>Header Files</Filter>
    </ClInclude>
    <ClInclude Include="FeatureScalar.h">
      <Filter>Header Files</Filter>
    </ClInclude>
    <ClInclude Include="BinarizerThreshold.h">
      <Filter>Header Files</Filter>
    </ClInclude>
  </ItemGroup>
  <ItemGroup>
    <ClCompile Include="stdafx.cpp">
      <Filter>Source Files</Filter>
    </ClCompile>
    <ClCompile Include="ConnectedComponent.cpp">
      <Filter>Source Files</Filter>
    </ClCompile>
    <ClCompile Include="Contour.cpp">
      <Filter>Source Files</Filter>
    </ClCompile>
    <ClCompile Include="DImage.cpp">
      <Filter>Source Files</Filter>
    </ClCompile>
    <ClCompile Include="ImageConverter.cpp">
      <Filter>Source Files</Filter>
    </ClCompile>
    <ClCompile Include="ImageTools.cpp">
      <Filter>Source Files</Filter>
    </ClCompile>
    <ClCompile Include="Manuscript.cpp">
      <Filter>Source Files</Filter>
    </ClCompile>
    <ClCompile Include="MetricDTW.cpp">
      <Filter>Source Files</Filter>
    </ClCompile>
    <ClCompile Include="ProjectionProfile.cpp">
      <Filter>Source Files</Filter>
    </ClCompile>
    <ClCompile Include="ManuscriptApp.cpp">
      <Filter>Source Files</Filter>
    </ClCompile>
    <ClCompile Include="Histogram.cpp">
      <Filter>Source Files</Filter>
    </ClCompile>
    <ClCompile Include="RafiTextLineExtractor.cpp">
      <Filter>Source Files</Filter>
    </ClCompile>
    <ClCompile Include="ItayBinarizer.cpp">
      <Filter>Source Files</Filter>
    </ClCompile>
    <ClCompile Include="GaborWordRecognition.cpp">
      <Filter>Source Files</Filter>
    </ClCompile>
    <ClCompile Include="BinaryComponentTree.cpp">
      <Filter>Source Files</Filter>
    </ClCompile>
    <ClCompile Include="BinaryComponentNode.cpp">
      <Filter>Source Files</Filter>
    </ClCompile>
    <ClCompile Include="BinarizerNiblack.cpp">
      <Filter>Source Files</Filter>
    </ClCompile>
    <ClCompile Include="AmitBinarization.cpp">
      <Filter>Source Files</Filter>
    </ClCompile>
    <ClCompile Include="FilterAnisotropic.cpp">
      <Filter>Source Files</Filter>
    </ClCompile>
    <ClCompile Include="ComponentExtractorBinary.cpp">
      <Filter>Source Files</Filter>
    </ClCompile>
    <ClCompile Include="ClassifierEM.cpp">
      <Filter>Source Files</Filter>
    </ClCompile>
    <ClCompile Include="ExtractorGaborBlob.cpp">
      <Filter>Source Files</Filter>
    </ClCompile>
    <ClCompile Include="FeatureGaborBlob.cpp">
      <Filter>Source Files</Filter>
    </ClCompile>
    <ClCompile Include="BinarizerGlobal.cpp">
      <Filter>Source Files</Filter>
    </ClCompile>
    <ClCompile Include="ExtractorGSC.cpp">
      <Filter>Source Files</Filter>
    </ClCompile>
    <ClCompile Include="FeatureGSC.cpp">
      <Filter>Source Files</Filter>
    </ClCompile>
    <ClCompile Include="BinarizerOtsu.cpp">
      <Filter>Source Files</Filter>
    </ClCompile>
    <ClCompile Include="BinarizerOtsuGray.cpp">
      <Filter>Source Files</Filter>
    </ClCompile>
    <ClCompile Include="ImagePage.cpp">
      <Filter>Source Files</Filter>
    </ClCompile>
    <ClCompile Include="TextLineExtractorProfileSeam.cpp">
      <Filter>Source Files</Filter>
    </ClCompile>
    <ClCompile Include="BinarizerThreshold.cpp">
      <Filter>Source Files</Filter>
    </ClCompile>
  </ItemGroup>
</Project>